// !$*UTF8*$!
{
	archiveVersion = 1;
	classes = {
	};
	objectVersion = 56;
	objects = {

/* Begin PBXBuildFile section */
		490A025E2937B7A100FD9384 /* SettingView.swift in Sources */ = {isa = PBXBuildFile; fileRef = 490A025D2937B7A100FD9384 /* SettingView.swift */; };
		490A02602937B9F600FD9384 /* SettingViewModel.swift in Sources */ = {isa = PBXBuildFile; fileRef = 490A025F2937B9F600FD9384 /* SettingViewModel.swift */; };
		490A02642937D55400FD9384 /* SettingModel.swift in Sources */ = {isa = PBXBuildFile; fileRef = 490A02632937D55400FD9384 /* SettingModel.swift */; };
		492DB74029311FF90027EEB1 /* DummyView1.swift in Sources */ = {isa = PBXBuildFile; fileRef = 492DB73F29311FF80027EEB1 /* DummyView1.swift */; };
		492DB7442931202B0027EEB1 /* DummyView2.swift in Sources */ = {isa = PBXBuildFile; fileRef = 492DB7432931202B0027EEB1 /* DummyView2.swift */; };
		493526F5292F57470066F083 /* MenuViewModel.swift in Sources */ = {isa = PBXBuildFile; fileRef = 493526F4292F57470066F083 /* MenuViewModel.swift */; };
		493526FA292F59460066F083 /* MenuView.swift in Sources */ = {isa = PBXBuildFile; fileRef = 493526F9292F59460066F083 /* MenuView.swift */; };
		493526FE292FFC030066F083 /* MenuModel.swift in Sources */ = {isa = PBXBuildFile; fileRef = 493526FD292FFC030066F083 /* MenuModel.swift */; };
		493527002930F46C0066F083 /* SideMenuView.swift in Sources */ = {isa = PBXBuildFile; fileRef = 493526FF2930F46C0066F083 /* SideMenuView.swift */; };
		49E703F029353A150035215F /* CreditView.swift in Sources */ = {isa = PBXBuildFile; fileRef = 49E703EF29353A150035215F /* CreditView.swift */; };
		49E703F3293543EC0035215F /* InfoView.swift in Sources */ = {isa = PBXBuildFile; fileRef = 49E703F2293543EC0035215F /* InfoView.swift */; };
		7B5E2D07292A05BA000EA21C /* InfoPlist.strings in Resources */ = {isa = PBXBuildFile; fileRef = 7B5E2D09292A05BA000EA21C /* InfoPlist.strings */; };
		7B796F702935F31800799616 /* Lottie in Frameworks */ = {isa = PBXBuildFile; productRef = 7B796F6F2935F31800799616 /* Lottie */; };
		7B796F762935F62E00799616 /* LottieView.swift in Sources */ = {isa = PBXBuildFile; fileRef = 7B796F752935F62E00799616 /* LottieView.swift */; };
		7B796F7D2936DABC00799616 /* MyFileManager.swift in Sources */ = {isa = PBXBuildFile; fileRef = 7B796F7C2936DABC00799616 /* MyFileManager.swift */; };
		7B796F8529378CB300799616 /* HomeView.swift in Sources */ = {isa = PBXBuildFile; fileRef = 7B796F8429378CB300799616 /* HomeView.swift */; };
		7B796F8729378CD500799616 /* HomeViewModel.swift in Sources */ = {isa = PBXBuildFile; fileRef = 7B796F8629378CD500799616 /* HomeViewModel.swift */; };
		7B796F8929384FEA00799616 /* MemoModel.swift in Sources */ = {isa = PBXBuildFile; fileRef = 7B796F8829384FEA00799616 /* MemoModel.swift */; };
		D86ACE1D292DDF1F002C8E89 /* MainViewModel.swift in Sources */ = {isa = PBXBuildFile; fileRef = D86ACE1C292DDF1F002C8E89 /* MainViewModel.swift */; };
		D86ACE20292DE0E0002C8E89 /* LaunchView.swift in Sources */ = {isa = PBXBuildFile; fileRef = D86ACE1F292DE0E0002C8E89 /* LaunchView.swift */; };
		D86ACE24292DE28E002C8E89 /* Extension.swift in Sources */ = {isa = PBXBuildFile; fileRef = D86ACE23292DE28E002C8E89 /* Extension.swift */; };
		D86ACE29292DF409002C8E89 /* BlurView.swift in Sources */ = {isa = PBXBuildFile; fileRef = D86ACE28292DF409002C8E89 /* BlurView.swift */; };
		D86ACE2C292DF57F002C8E89 /* LockView.swift in Sources */ = {isa = PBXBuildFile; fileRef = D86ACE2B292DF57F002C8E89 /* LockView.swift */; };
		D86ACE2F292DF6E2002C8E89 /* Enum.swift in Sources */ = {isa = PBXBuildFile; fileRef = D86ACE2E292DF6E2002C8E89 /* Enum.swift */; };
		D86ACE31292DFCAD002C8E89 /* LockViewModel.swift in Sources */ = {isa = PBXBuildFile; fileRef = D86ACE30292DFCAD002C8E89 /* LockViewModel.swift */; };
		D86ACE34292F0A3E002C8E89 /* ConfirmView.swift in Sources */ = {isa = PBXBuildFile; fileRef = D86ACE33292F0A3E002C8E89 /* ConfirmView.swift */; };
		D86ACE43292F43B4002C8E89 /* SSAMANCO-Bold.otf in Resources */ = {isa = PBXBuildFile; fileRef = D86ACE3F292F43B4002C8E89 /* SSAMANCO-Bold.otf */; };
		D86ACE44292F43B4002C8E89 /* BEOMSUK.otf in Resources */ = {isa = PBXBuildFile; fileRef = D86ACE40292F43B4002C8E89 /* BEOMSUK.otf */; };
		D86ACE45292F43B4002C8E89 /* JUA_otf.otf in Resources */ = {isa = PBXBuildFile; fileRef = D86ACE41292F43B4002C8E89 /* JUA_otf.otf */; };
		D86ACE46292F43B4002C8E89 /* EF_Diary.ttf in Resources */ = {isa = PBXBuildFile; fileRef = D86ACE42292F43B4002C8E89 /* EF_Diary.ttf */; };
		D86ACE49292F793C002C8E89 /* PopupView in Frameworks */ = {isa = PBXBuildFile; productRef = D86ACE48292F793C002C8E89 /* PopupView */; };
		D86ACE4B29309772002C8E89 /* Bold.otf in Resources */ = {isa = PBXBuildFile; fileRef = D86ACE4A29309772002C8E89 /* Bold.otf */; };
		D86ACE4D2930977A002C8E89 /* KOTRA_HOPE.otf in Resources */ = {isa = PBXBuildFile; fileRef = D86ACE4C2930977A002C8E89 /* KOTRA_HOPE.otf */; };
		D86ACE50293098DF002C8E89 /* ONE_Mobile_OTF_Bold.otf in Resources */ = {isa = PBXBuildFile; fileRef = D86ACE4E293098DF002C8E89 /* ONE_Mobile_OTF_Bold.otf */; };
		D86ACE51293098DF002C8E89 /* ONE_Mobile_Title_OTF.otf in Resources */ = {isa = PBXBuildFile; fileRef = D86ACE4F293098DF002C8E89 /* ONE_Mobile_Title_OTF.otf */; };
		D86ACE572933B00A002C8E89 /* MemoView.swift in Sources */ = {isa = PBXBuildFile; fileRef = D86ACE562933B00A002C8E89 /* MemoView.swift */; };
		D86ACE5B293475F7002C8E89 /* CalendarView.swift in Sources */ = {isa = PBXBuildFile; fileRef = D86ACE5A293475F7002C8E89 /* CalendarView.swift */; };
		D86ACE5D293476BF002C8E89 /* CustomDatePicker.swift in Sources */ = {isa = PBXBuildFile; fileRef = D86ACE5C293476BF002C8E89 /* CustomDatePicker.swift */; };
		D86ACE5F29347D0B002C8E89 /* DateModel.swift in Sources */ = {isa = PBXBuildFile; fileRef = D86ACE5E29347D0B002C8E89 /* DateModel.swift */; };
		D86ACE6129349E78002C8E89 /* TaskModel.swift in Sources */ = {isa = PBXBuildFile; fileRef = D86ACE6029349E78002C8E89 /* TaskModel.swift */; };
		D89A06932929FD5000F5D408 /* RaniPaperApp.swift in Sources */ = {isa = PBXBuildFile; fileRef = D89A06922929FD5000F5D408 /* RaniPaperApp.swift */; };
		D89A06952929FD5000F5D408 /* MainView.swift in Sources */ = {isa = PBXBuildFile; fileRef = D89A06942929FD5000F5D408 /* MainView.swift */; };
		D89A06972929FD5000F5D408 /* Assets.xcassets in Resources */ = {isa = PBXBuildFile; fileRef = D89A06962929FD5000F5D408 /* Assets.xcassets */; };
		D89A069A2929FD5000F5D408 /* Preview Assets.xcassets in Resources */ = {isa = PBXBuildFile; fileRef = D89A06992929FD5000F5D408 /* Preview Assets.xcassets */; };
		D8D549BE2934B1A0001E4287 /* CalendarViewModel.swift in Sources */ = {isa = PBXBuildFile; fileRef = D8D549BD2934B1A0001E4287 /* CalendarViewModel.swift */; };
		D8D549C02934FB06001E4287 /* EditTaskView.swift in Sources */ = {isa = PBXBuildFile; fileRef = D8D549BF2934FB06001E4287 /* EditTaskView.swift */; };
		D8D549C2293611CB001E4287 /* EditTaskViewModel.swift in Sources */ = {isa = PBXBuildFile; fileRef = D8D549C1293611CB001E4287 /* EditTaskViewModel.swift */; };
		D8D549C429362A47001E4287 /* KeyboardHandler.swift in Sources */ = {isa = PBXBuildFile; fileRef = D8D549C329362A47001E4287 /* KeyboardHandler.swift */; };
		D8D549C72936539B001E4287 /* TaskCardView.swift in Sources */ = {isa = PBXBuildFile; fileRef = D8D549C62936539B001E4287 /* TaskCardView.swift */; };
		D8D549D529385EE5001E4287 /* MemoView.swift in Sources */ = {isa = PBXBuildFile; fileRef = D8D549D429385EE5001E4287 /* MemoView.swift */; };
/* End PBXBuildFile section */

/* Begin PBXFileReference section */
		490A025D2937B7A100FD9384 /* SettingView.swift */ = {isa = PBXFileReference; lastKnownFileType = sourcecode.swift; path = SettingView.swift; sourceTree = "<group>"; };
		490A025F2937B9F600FD9384 /* SettingViewModel.swift */ = {isa = PBXFileReference; lastKnownFileType = sourcecode.swift; path = SettingViewModel.swift; sourceTree = "<group>"; };
		490A02632937D55400FD9384 /* SettingModel.swift */ = {isa = PBXFileReference; lastKnownFileType = sourcecode.swift; path = SettingModel.swift; sourceTree = "<group>"; };
		492DB73F29311FF80027EEB1 /* DummyView1.swift */ = {isa = PBXFileReference; lastKnownFileType = sourcecode.swift; path = DummyView1.swift; sourceTree = "<group>"; };
		492DB7432931202B0027EEB1 /* DummyView2.swift */ = {isa = PBXFileReference; lastKnownFileType = sourcecode.swift; path = DummyView2.swift; sourceTree = "<group>"; };
		493526F4292F57470066F083 /* MenuViewModel.swift */ = {isa = PBXFileReference; fileEncoding = 4; lastKnownFileType = sourcecode.swift; path = MenuViewModel.swift; sourceTree = "<group>"; };
		493526F9292F59460066F083 /* MenuView.swift */ = {isa = PBXFileReference; lastKnownFileType = sourcecode.swift; path = MenuView.swift; sourceTree = "<group>"; };
		493526FD292FFC030066F083 /* MenuModel.swift */ = {isa = PBXFileReference; lastKnownFileType = sourcecode.swift; path = MenuModel.swift; sourceTree = "<group>"; };
		493526FF2930F46C0066F083 /* SideMenuView.swift */ = {isa = PBXFileReference; lastKnownFileType = sourcecode.swift; path = SideMenuView.swift; sourceTree = "<group>"; };
		49E703EF29353A150035215F /* CreditView.swift */ = {isa = PBXFileReference; lastKnownFileType = sourcecode.swift; path = CreditView.swift; sourceTree = "<group>"; };
		49E703F2293543EC0035215F /* InfoView.swift */ = {isa = PBXFileReference; lastKnownFileType = sourcecode.swift; path = InfoView.swift; sourceTree = "<group>"; };
		7B5E2D08292A05BA000EA21C /* en */ = {isa = PBXFileReference; lastKnownFileType = text.plist.strings; name = en; path = en.lproj/InfoPlist.strings; sourceTree = "<group>"; };
		7B5E2D0A292A05BE000EA21C /* ko */ = {isa = PBXFileReference; lastKnownFileType = text.plist.strings; name = ko; path = ko.lproj/InfoPlist.strings; sourceTree = "<group>"; };
		7B796F722935F46400799616 /* HomeView.swift */ = {isa = PBXFileReference; lastKnownFileType = sourcecode.swift; path = HomeView.swift; sourceTree = "<group>"; };
		7B796F752935F62E00799616 /* LottieView.swift */ = {isa = PBXFileReference; lastKnownFileType = sourcecode.swift; path = LottieView.swift; sourceTree = "<group>"; };
		7B796F772935F6F100799616 /* HomeViewModel.swift */ = {isa = PBXFileReference; lastKnownFileType = sourcecode.swift; path = HomeViewModel.swift; sourceTree = "<group>"; };
		7B796F7C2936DABC00799616 /* MyFileManager.swift */ = {isa = PBXFileReference; lastKnownFileType = sourcecode.swift; path = MyFileManager.swift; sourceTree = "<group>"; };
		7B796F8429378CB300799616 /* HomeView.swift */ = {isa = PBXFileReference; fileEncoding = 4; lastKnownFileType = sourcecode.swift; path = HomeView.swift; sourceTree = "<group>"; };
		7B796F8629378CD500799616 /* HomeViewModel.swift */ = {isa = PBXFileReference; fileEncoding = 4; lastKnownFileType = sourcecode.swift; path = HomeViewModel.swift; sourceTree = "<group>"; };
		7B796F8829384FEA00799616 /* MemoModel.swift */ = {isa = PBXFileReference; lastKnownFileType = sourcecode.swift; path = MemoModel.swift; sourceTree = "<group>"; };
		D86ACE1C292DDF1F002C8E89 /* MainViewModel.swift */ = {isa = PBXFileReference; lastKnownFileType = sourcecode.swift; path = MainViewModel.swift; sourceTree = "<group>"; };
		D86ACE1F292DE0E0002C8E89 /* LaunchView.swift */ = {isa = PBXFileReference; lastKnownFileType = sourcecode.swift; path = LaunchView.swift; sourceTree = "<group>"; };
		D86ACE23292DE28E002C8E89 /* Extension.swift */ = {isa = PBXFileReference; lastKnownFileType = sourcecode.swift; path = Extension.swift; sourceTree = "<group>"; };
		D86ACE28292DF409002C8E89 /* BlurView.swift */ = {isa = PBXFileReference; lastKnownFileType = sourcecode.swift; path = BlurView.swift; sourceTree = "<group>"; };
		D86ACE2B292DF57F002C8E89 /* LockView.swift */ = {isa = PBXFileReference; lastKnownFileType = sourcecode.swift; path = LockView.swift; sourceTree = "<group>"; };
		D86ACE2E292DF6E2002C8E89 /* Enum.swift */ = {isa = PBXFileReference; lastKnownFileType = sourcecode.swift; path = Enum.swift; sourceTree = "<group>"; };
		D86ACE30292DFCAD002C8E89 /* LockViewModel.swift */ = {isa = PBXFileReference; lastKnownFileType = sourcecode.swift; path = LockViewModel.swift; sourceTree = "<group>"; };
		D86ACE33292F0A3E002C8E89 /* ConfirmView.swift */ = {isa = PBXFileReference; lastKnownFileType = sourcecode.swift; path = ConfirmView.swift; sourceTree = "<group>"; };
		D86ACE3E292F3DA9002C8E89 /* Info.plist */ = {isa = PBXFileReference; lastKnownFileType = text.plist; path = Info.plist; sourceTree = "<group>"; };
		D86ACE3F292F43B4002C8E89 /* SSAMANCO-Bold.otf */ = {isa = PBXFileReference; lastKnownFileType = file; path = "SSAMANCO-Bold.otf"; sourceTree = "<group>"; };
		D86ACE40292F43B4002C8E89 /* BEOMSUK.otf */ = {isa = PBXFileReference; lastKnownFileType = file; path = BEOMSUK.otf; sourceTree = "<group>"; };
		D86ACE41292F43B4002C8E89 /* JUA_otf.otf */ = {isa = PBXFileReference; lastKnownFileType = file; path = JUA_otf.otf; sourceTree = "<group>"; };
		D86ACE42292F43B4002C8E89 /* EF_Diary.ttf */ = {isa = PBXFileReference; lastKnownFileType = file; path = EF_Diary.ttf; sourceTree = "<group>"; };
		D86ACE4A29309772002C8E89 /* Bold.otf */ = {isa = PBXFileReference; lastKnownFileType = file; path = Bold.otf; sourceTree = "<group>"; };
		D86ACE4C2930977A002C8E89 /* KOTRA_HOPE.otf */ = {isa = PBXFileReference; lastKnownFileType = file; path = KOTRA_HOPE.otf; sourceTree = "<group>"; };
		D86ACE4E293098DF002C8E89 /* ONE_Mobile_OTF_Bold.otf */ = {isa = PBXFileReference; lastKnownFileType = file; path = ONE_Mobile_OTF_Bold.otf; sourceTree = "<group>"; };
		D86ACE4F293098DF002C8E89 /* ONE_Mobile_Title_OTF.otf */ = {isa = PBXFileReference; lastKnownFileType = file; path = ONE_Mobile_Title_OTF.otf; sourceTree = "<group>"; };
		D86ACE562933B00A002C8E89 /* MemoView.swift */ = {isa = PBXFileReference; lastKnownFileType = sourcecode.swift; path = MemoView.swift; sourceTree = "<group>"; };
		D86ACE5A293475F7002C8E89 /* CalendarView.swift */ = {isa = PBXFileReference; lastKnownFileType = sourcecode.swift; path = CalendarView.swift; sourceTree = "<group>"; };
		D86ACE5C293476BF002C8E89 /* CustomDatePicker.swift */ = {isa = PBXFileReference; lastKnownFileType = sourcecode.swift; path = CustomDatePicker.swift; sourceTree = "<group>"; };
		D86ACE5E29347D0B002C8E89 /* DateModel.swift */ = {isa = PBXFileReference; lastKnownFileType = sourcecode.swift; path = DateModel.swift; sourceTree = "<group>"; };
		D86ACE6029349E78002C8E89 /* TaskModel.swift */ = {isa = PBXFileReference; lastKnownFileType = sourcecode.swift; path = TaskModel.swift; sourceTree = "<group>"; };
		D89A068F2929FD5000F5D408 /* RaniPaper.app */ = {isa = PBXFileReference; explicitFileType = wrapper.application; includeInIndex = 0; path = RaniPaper.app; sourceTree = BUILT_PRODUCTS_DIR; };
		D89A06922929FD5000F5D408 /* RaniPaperApp.swift */ = {isa = PBXFileReference; lastKnownFileType = sourcecode.swift; path = RaniPaperApp.swift; sourceTree = "<group>"; };
		D89A06942929FD5000F5D408 /* MainView.swift */ = {isa = PBXFileReference; lastKnownFileType = sourcecode.swift; path = MainView.swift; sourceTree = "<group>"; };
		D89A06962929FD5000F5D408 /* Assets.xcassets */ = {isa = PBXFileReference; lastKnownFileType = folder.assetcatalog; path = Assets.xcassets; sourceTree = "<group>"; };
		D89A06992929FD5000F5D408 /* Preview Assets.xcassets */ = {isa = PBXFileReference; lastKnownFileType = folder.assetcatalog; path = "Preview Assets.xcassets"; sourceTree = "<group>"; };
		D8D549BD2934B1A0001E4287 /* CalendarViewModel.swift */ = {isa = PBXFileReference; lastKnownFileType = sourcecode.swift; path = CalendarViewModel.swift; sourceTree = "<group>"; };
		D8D549BF2934FB06001E4287 /* EditTaskView.swift */ = {isa = PBXFileReference; lastKnownFileType = sourcecode.swift; path = EditTaskView.swift; sourceTree = "<group>"; };
		D8D549C1293611CB001E4287 /* EditTaskViewModel.swift */ = {isa = PBXFileReference; lastKnownFileType = sourcecode.swift; path = EditTaskViewModel.swift; sourceTree = "<group>"; };
		D8D549C329362A47001E4287 /* KeyboardHandler.swift */ = {isa = PBXFileReference; lastKnownFileType = sourcecode.swift; path = KeyboardHandler.swift; sourceTree = "<group>"; };
		D8D549C62936539B001E4287 /* TaskCardView.swift */ = {isa = PBXFileReference; lastKnownFileType = sourcecode.swift; path = TaskCardView.swift; sourceTree = "<group>"; };
		D8D549D429385EE5001E4287 /* MemoView.swift */ = {isa = PBXFileReference; fileEncoding = 4; lastKnownFileType = sourcecode.swift; path = MemoView.swift; sourceTree = "<group>"; };
/* End PBXFileReference section */

/* Begin PBXFrameworksBuildPhase section */
		D89A068C2929FD5000F5D408 /* Frameworks */ = {
			isa = PBXFrameworksBuildPhase;
			buildActionMask = 2147483647;
			files = (
				D86ACE49292F793C002C8E89 /* PopupView in Frameworks */,
				7B796F702935F31800799616 /* Lottie in Frameworks */,
			);
			runOnlyForDeploymentPostprocessing = 0;
		};
/* End PBXFrameworksBuildPhase section */

/* Begin PBXGroup section */
		490A025C2937B77C00FD9384 /* SettingView */ = {
			isa = PBXGroup;
			children = (
				490A025D2937B7A100FD9384 /* SettingView.swift */,
			);
			path = SettingView;
			sourceTree = "<group>";
		};
		492DB73E29311FE60027EEB1 /* DummyView */ = {
			isa = PBXGroup;
			children = (
				492DB73F29311FF80027EEB1 /* DummyView1.swift */,
				492DB7432931202B0027EEB1 /* DummyView2.swift */,
			);
			path = DummyView;
			sourceTree = "<group>";
		};
		493526F8292F59300066F083 /* MenuView */ = {
			isa = PBXGroup;
			children = (
				493526F9292F59460066F083 /* MenuView.swift */,
				493526FF2930F46C0066F083 /* SideMenuView.swift */,
			);
			path = MenuView;
			sourceTree = "<group>";
		};
		493526FB292FFBE30066F083 /* Model */ = {
			isa = PBXGroup;
			children = (
				493526FD292FFC030066F083 /* MenuModel.swift */,
				490A02632937D55400FD9384 /* SettingModel.swift */,
				D86ACE5E29347D0B002C8E89 /* DateModel.swift */,
				D86ACE6029349E78002C8E89 /* TaskModel.swift */,
				7B796F8829384FEA00799616 /* MemoModel.swift */,
				490A02632937D55400FD9384 /* SettingModel.swift */,
			);
			path = Model;
			sourceTree = "<group>";
		};
		49E703EE293539C00035215F /* CreditView */ = {
			isa = PBXGroup;
			children = (
				49E703EF29353A150035215F /* CreditView.swift */,
			);
			path = CreditView;
			sourceTree = "<group>";
		};
		49E703F1293543B80035215F /* InfoView */ = {
			isa = PBXGroup;
			children = (
				49E703F2293543EC0035215F /* InfoView.swift */,
			);
			path = InfoView;
			sourceTree = "<group>";
		};
		7B796F712935F44F00799616 /* HomeView */ = {
			isa = PBXGroup;
			children = (
				7B796F722935F46400799616 /* HomeView.swift */,
			);
			path = HomeView;
			sourceTree = "<group>";
		};
		7B796F7B2936DAA300799616 /* Utils */ = {
			isa = PBXGroup;
			children = (
				7B796F7C2936DABC00799616 /* MyFileManager.swift */,
			);
			path = Utils;
			sourceTree = "<group>";
		};
		7B796F8029378C4F00799616 /* Recovered References */ = {
			isa = PBXGroup;
			children = (
				7B796F772935F6F100799616 /* HomeViewModel.swift */,
				7B796F722935F46400799616 /* HomeView.swift */,
			);
			name = "Recovered References";
			sourceTree = "<group>";
		};
		7B796F8329378CB300799616 /* HomeView */ = {
			isa = PBXGroup;
			children = (
				7B796F8429378CB300799616 /* HomeView.swift */,
			);
			path = HomeView;
            sourceTree = "<group>";
        };
		49E703EE293539C00035215F /* CreditView */ = {
			isa = PBXGroup;
			children = (
				49E703EF29353A150035215F /* CreditView.swift */,
			);
			path = CreditView;
			sourceTree = "<group>";
		};
		49E703F1293543B80035215F /* InfoView */ = {
			isa = PBXGroup;
			children = (
				49E703F2293543EC0035215F /* InfoView.swift */,
			);
			path = InfoView;
			sourceTree = "<group>";
		};
		7B796F8029378C4F00799616 /* Recovered References */ = {
			isa = PBXGroup;
			children = (
				7B796F772935F6F100799616 /* HomeViewModel.swift */,
				7B796F722935F46400799616 /* HomeView.swift */,
			);
			name = "Recovered References";
			sourceTree = "<group>";
		};
		7B796F8329378CB300799616 /* HomeView */ = {
			isa = PBXGroup;
			children = (
				7B796F8429378CB300799616 /* HomeView.swift */,
			);
			path = HomeView;
			sourceTree = "<group>";
		};
		D86ACE18292DDD93002C8E89 /* Source */ = {
			isa = PBXGroup;
			children = (
				7B796F7B2936DAA300799616 /* Utils */,
				493526FB292FFBE30066F083 /* Model */,
				D86ACE22292DE272002C8E89 /* Extension */,
				D86ACE1B292DDF00002C8E89 /* ViewModel */,
				D86ACE19292DDDA4002C8E89 /* View */,
			);
			path = Source;
			sourceTree = "<group>";
		};
		D86ACE19292DDDA4002C8E89 /* View */ = {
			isa = PBXGroup;
			children = (
				490A025C2937B77C00FD9384 /* SettingView */,
				49E703F1293543B80035215F /* InfoView */,
				49E703EE293539C00035215F /* CreditView */,
				D8D549D329385EE5001E4287 /* MemoView */,
				7B796F8329378CB300799616 /* HomeView */,
				D8D549C529365387001E4287 /* TaskCardView */,
				D86ACE59293475BE002C8E89 /* CalendarView */,
				492DB73E29311FE60027EEB1 /* DummyView */,
				493526F8292F59300066F083 /* MenuView */,
				D86ACE32292F09F7002C8E89 /* ConfirmView */,
				D86ACE2A292DF562002C8E89 /* LockView */,
				D86ACE26292DF3FA002C8E89 /* BlurView */,
				D86ACE1E292DE0CF002C8E89 /* LaunchView */,
				D86ACE1A292DDEF0002C8E89 /* MainView */,
				7B796F752935F62E00799616 /* LottieView.swift */,
			);
			path = View;
			sourceTree = "<group>";
		};
		D86ACE1A292DDEF0002C8E89 /* MainView */ = {
			isa = PBXGroup;
			children = (
				D89A06942929FD5000F5D408 /* MainView.swift */,
			);
			path = MainView;
			sourceTree = "<group>";
		};
		D86ACE1B292DDF00002C8E89 /* ViewModel */ = {
			isa = PBXGroup;
			children = (
				7B796F8629378CD500799616 /* HomeViewModel.swift */,
				493526F4292F57470066F083 /* MenuViewModel.swift */,
				D86ACE1C292DDF1F002C8E89 /* MainViewModel.swift */,
				D86ACE30292DFCAD002C8E89 /* LockViewModel.swift */,
				7B796F772935F6F100799616 /* HomeViewModel.swift */,
				490A025F2937B9F600FD9384 /* SettingViewModel.swift */,
				D8D549BD2934B1A0001E4287 /* CalendarViewModel.swift */,
				D8D549C1293611CB001E4287 /* EditTaskViewModel.swift */,
				D8D549C329362A47001E4287 /* KeyboardHandler.swift */,
				4911D3D32933E93C00E7FE03 /* SideMenuViewModel.swift */,
				490A025F2937B9F600FD9384 /* SettingViewModel.swift */,
			);
			path = ViewModel;
			sourceTree = "<group>";
		};
		D86ACE1E292DE0CF002C8E89 /* LaunchView */ = {
			isa = PBXGroup;
			children = (
				D86ACE1F292DE0E0002C8E89 /* LaunchView.swift */,
			);
			path = LaunchView;
			sourceTree = "<group>";
		};
		D86ACE21292DE264002C8E89 /* Resource */ = {
			isa = PBXGroup;
			children = (
				D86ACE2D292DF6D3002C8E89 /* Constants */,
			);
			path = Resource;
			sourceTree = "<group>";
		};
		D86ACE22292DE272002C8E89 /* Extension */ = {
			isa = PBXGroup;
			children = (
				D86ACE23292DE28E002C8E89 /* Extension.swift */,
			);
			path = Extension;
			sourceTree = "<group>";
		};
		D86ACE26292DF3FA002C8E89 /* BlurView */ = {
			isa = PBXGroup;
			children = (
				D86ACE28292DF409002C8E89 /* BlurView.swift */,
			);
			path = BlurView;
			sourceTree = "<group>";
		};
		D86ACE2A292DF562002C8E89 /* LockView */ = {
			isa = PBXGroup;
			children = (
				D86ACE2B292DF57F002C8E89 /* LockView.swift */,
			);
			path = LockView;
			sourceTree = "<group>";
		};
		D86ACE2D292DF6D3002C8E89 /* Constants */ = {
			isa = PBXGroup;
			children = (
				D86ACE2E292DF6E2002C8E89 /* Enum.swift */,
			);
			path = Constants;
			sourceTree = "<group>";
		};
		D86ACE32292F09F7002C8E89 /* ConfirmView */ = {
			isa = PBXGroup;
			children = (
				D86ACE33292F0A3E002C8E89 /* ConfirmView.swift */,
			);
			path = ConfirmView;
			sourceTree = "<group>";
		};
		D86ACE35292F3AF7002C8E89 /* Fonts */ = {
			isa = PBXGroup;
			children = (
				D86ACE4E293098DF002C8E89 /* ONE_Mobile_OTF_Bold.otf */,
				D86ACE4F293098DF002C8E89 /* ONE_Mobile_Title_OTF.otf */,
				D86ACE4C2930977A002C8E89 /* KOTRA_HOPE.otf */,
				D86ACE4A29309772002C8E89 /* Bold.otf */,
				D86ACE40292F43B4002C8E89 /* BEOMSUK.otf */,
				D86ACE42292F43B4002C8E89 /* EF_Diary.ttf */,
				D86ACE41292F43B4002C8E89 /* JUA_otf.otf */,
				D86ACE3F292F43B4002C8E89 /* SSAMANCO-Bold.otf */,
			);
			path = Fonts;
			sourceTree = "<group>";
		};
		D86ACE552933AFD6002C8E89 /* MemoView */ = {
			isa = PBXGroup;
			children = (
				D86ACE562933B00A002C8E89 /* MemoView.swift */,
			);
			path = MemoView;
			sourceTree = "<group>";
		};
		D86ACE59293475BE002C8E89 /* CalendarView */ = {
			isa = PBXGroup;
			children = (
				D86ACE5A293475F7002C8E89 /* CalendarView.swift */,
				D86ACE5C293476BF002C8E89 /* CustomDatePicker.swift */,
				D8D549BF2934FB06001E4287 /* EditTaskView.swift */,
			);
			path = CalendarView;
			sourceTree = "<group>";
		};
		D89A06862929FD5000F5D408 = {
			isa = PBXGroup;
			children = (
				D89A06912929FD5000F5D408 /* RaniPaper */,
				D89A06902929FD5000F5D408 /* Products */,
				7B796F8029378C4F00799616 /* Recovered References */,
			);
			sourceTree = "<group>";
		};
		D89A06902929FD5000F5D408 /* Products */ = {
			isa = PBXGroup;
			children = (
				D89A068F2929FD5000F5D408 /* RaniPaper.app */,
			);
			name = Products;
			sourceTree = "<group>";
		};
		D89A06912929FD5000F5D408 /* RaniPaper */ = {
			isa = PBXGroup;
			children = (
				D86ACE3E292F3DA9002C8E89 /* Info.plist */,
				D86ACE35292F3AF7002C8E89 /* Fonts */,
				D86ACE21292DE264002C8E89 /* Resource */,
				D86ACE18292DDD93002C8E89 /* Source */,
				7B5E2D09292A05BA000EA21C /* InfoPlist.strings */,
				D89A06922929FD5000F5D408 /* RaniPaperApp.swift */,
				D89A06962929FD5000F5D408 /* Assets.xcassets */,
				D89A06982929FD5000F5D408 /* Preview Content */,
			);
			path = RaniPaper;
			sourceTree = "<group>";
		};
		D89A06982929FD5000F5D408 /* Preview Content */ = {
			isa = PBXGroup;
			children = (
				D89A06992929FD5000F5D408 /* Preview Assets.xcassets */,
			);
			path = "Preview Content";
			sourceTree = "<group>";
		};
		D8D549C529365387001E4287 /* TaskCardView */ = {
			isa = PBXGroup;
			children = (
				D8D549C62936539B001E4287 /* TaskCardView.swift */,
			);
			path = TaskCardView;
			sourceTree = "<group>";
		};
		D8D549D329385EE5001E4287 /* MemoView */ = {
			isa = PBXGroup;
			children = (
				D8D549D429385EE5001E4287 /* MemoView.swift */,
			);
			path = MemoView;
			sourceTree = "<group>";
		};
/* End PBXGroup section */

/* Begin PBXNativeTarget section */
		D89A068E2929FD5000F5D408 /* RaniPaper */ = {
			isa = PBXNativeTarget;
			buildConfigurationList = D89A069D2929FD5000F5D408 /* Build configuration list for PBXNativeTarget "RaniPaper" */;
			buildPhases = (
				D89A068B2929FD5000F5D408 /* Sources */,
				D89A068C2929FD5000F5D408 /* Frameworks */,
				D89A068D2929FD5000F5D408 /* Resources */,
			);
			buildRules = (
			);
			dependencies = (
			);
			name = RaniPaper;
			packageProductDependencies = (
				D86ACE48292F793C002C8E89 /* PopupView */,
				7B796F6F2935F31800799616 /* Lottie */,
			);
			productName = RaniPaper;
			productReference = D89A068F2929FD5000F5D408 /* RaniPaper.app */;
			productType = "com.apple.product-type.application";
		};
/* End PBXNativeTarget section */

/* Begin PBXProject section */
		D89A06872929FD5000F5D408 /* Project object */ = {
			isa = PBXProject;
			attributes = {
				BuildIndependentTargetsInParallel = 1;
				LastSwiftUpdateCheck = 1400;
				LastUpgradeCheck = 1400;
				TargetAttributes = {
					D89A068E2929FD5000F5D408 = {
						CreatedOnToolsVersion = 14.0.1;
					};
				};
			};
			buildConfigurationList = D89A068A2929FD5000F5D408 /* Build configuration list for PBXProject "RaniPaper" */;
			compatibilityVersion = "Xcode 14.0";
			developmentRegion = en;
			hasScannedForEncodings = 0;
			knownRegions = (
				en,
				Base,
				ko,
			);
			mainGroup = D89A06862929FD5000F5D408;
			packageReferences = (
				D86ACE47292F793C002C8E89 /* XCRemoteSwiftPackageReference "PopupView" */,
				7B796F6E2935F31800799616 /* XCRemoteSwiftPackageReference "lottie-ios" */,
			);
			productRefGroup = D89A06902929FD5000F5D408 /* Products */;
			projectDirPath = "";
			projectRoot = "";
			targets = (
				D89A068E2929FD5000F5D408 /* RaniPaper */,
			);
		};
/* End PBXProject section */

/* Begin PBXResourcesBuildPhase section */
		D89A068D2929FD5000F5D408 /* Resources */ = {
			isa = PBXResourcesBuildPhase;
			buildActionMask = 2147483647;
			files = (
				D86ACE4B29309772002C8E89 /* Bold.otf in Resources */,
				D89A069A2929FD5000F5D408 /* Preview Assets.xcassets in Resources */,
				7B5E2D07292A05BA000EA21C /* InfoPlist.strings in Resources */,
				D86ACE50293098DF002C8E89 /* ONE_Mobile_OTF_Bold.otf in Resources */,
				D86ACE44292F43B4002C8E89 /* BEOMSUK.otf in Resources */,
				D86ACE51293098DF002C8E89 /* ONE_Mobile_Title_OTF.otf in Resources */,
				D89A06972929FD5000F5D408 /* Assets.xcassets in Resources */,
				D86ACE46292F43B4002C8E89 /* EF_Diary.ttf in Resources */,
				D86ACE45292F43B4002C8E89 /* JUA_otf.otf in Resources */,
				D86ACE4D2930977A002C8E89 /* KOTRA_HOPE.otf in Resources */,
				D86ACE43292F43B4002C8E89 /* SSAMANCO-Bold.otf in Resources */,
			);
			runOnlyForDeploymentPostprocessing = 0;
		};
/* End PBXResourcesBuildPhase section */

/* Begin PBXSourcesBuildPhase section */
		D89A068B2929FD5000F5D408 /* Sources */ = {
			isa = PBXSourcesBuildPhase;
			buildActionMask = 2147483647;
			files = (
				490A02642937D55400FD9384 /* SettingModel.swift in Sources */,
				D86ACE24292DE28E002C8E89 /* Extension.swift in Sources */,
				7B796F762935F62E00799616 /* LottieView.swift in Sources */,
				493526FA292F59460066F083 /* MenuView.swift in Sources */,
				7B796F8729378CD500799616 /* HomeViewModel.swift in Sources */,
				7B796F7D2936DABC00799616 /* MyFileManager.swift in Sources */,
				490A025E2937B7A100FD9384 /* SettingView.swift in Sources */,
				D86ACE5D293476BF002C8E89 /* CustomDatePicker.swift in Sources */,
				490A025E2937B7A100FD9384 /* SettingView.swift in Sources */,
				492DB74029311FF90027EEB1 /* DummyView1.swift in Sources */,
				D89A06952929FD5000F5D408 /* MainView.swift in Sources */,
				49E703F029353A150035215F /* CreditView.swift in Sources */,
				D8D549C429362A47001E4287 /* KeyboardHandler.swift in Sources */,
				4911D3D42933E93C00E7FE03 /* SideMenuViewModel.swift in Sources */,
				49E703F029353A150035215F /* CreditView.swift in Sources */,
				492DB7442931202B0027EEB1 /* DummyView2.swift in Sources */,
				D86ACE6129349E78002C8E89 /* TaskModel.swift in Sources */,
				D8D549C2293611CB001E4287 /* EditTaskViewModel.swift in Sources */,
				D86ACE31292DFCAD002C8E89 /* LockViewModel.swift in Sources */,
				49E703F3293543EC0035215F /* InfoView.swift in Sources */,
				D86ACE34292F0A3E002C8E89 /* ConfirmView.swift in Sources */,
				7B796F8929384FEA00799616 /* MemoModel.swift in Sources */,
				D86ACE2F292DF6E2002C8E89 /* Enum.swift in Sources */,
				493526F5292F57470066F083 /* MenuViewModel.swift in Sources */,
				7B796F8529378CB300799616 /* HomeView.swift in Sources */,
				D8D549D529385EE5001E4287 /* MemoView.swift in Sources */,
				D86ACE572933B00A002C8E89 /* MemoView.swift in Sources */,
				D86ACE2C292DF57F002C8E89 /* LockView.swift in Sources */,
				493527002930F46C0066F083 /* SideMenuView.swift in Sources */,
				D86ACE29292DF409002C8E89 /* BlurView.swift in Sources */,
				490A02602937B9F600FD9384 /* SettingViewModel.swift in Sources */,
				D86ACE5F29347D0B002C8E89 /* DateModel.swift in Sources */,
				493526FE292FFC030066F083 /* MenuModel.swift in Sources */,
				D86ACE5B293475F7002C8E89 /* CalendarView.swift in Sources */,
				D8D549C02934FB06001E4287 /* EditTaskView.swift in Sources */,
				D86ACE20292DE0E0002C8E89 /* LaunchView.swift in Sources */,
				D89A06932929FD5000F5D408 /* RaniPaperApp.swift in Sources */,
				D8D549BE2934B1A0001E4287 /* CalendarViewModel.swift in Sources */,
				D86ACE1D292DDF1F002C8E89 /* MainViewModel.swift in Sources */,
				D8D549C72936539B001E4287 /* TaskCardView.swift in Sources */,
			);
			runOnlyForDeploymentPostprocessing = 0;
		};
/* End PBXSourcesBuildPhase section */

/* Begin PBXVariantGroup section */
		7B5E2D09292A05BA000EA21C /* InfoPlist.strings */ = {
			isa = PBXVariantGroup;
			children = (
				7B5E2D08292A05BA000EA21C /* en */,
				7B5E2D0A292A05BE000EA21C /* ko */,
			);
			name = InfoPlist.strings;
			sourceTree = "<group>";
		};
/* End PBXVariantGroup section */

/* Begin XCBuildConfiguration section */
		D89A069B2929FD5000F5D408 /* Debug */ = {
			isa = XCBuildConfiguration;
			buildSettings = {
				ALWAYS_SEARCH_USER_PATHS = NO;
				CLANG_ANALYZER_NONNULL = YES;
				CLANG_ANALYZER_NUMBER_OBJECT_CONVERSION = YES_AGGRESSIVE;
				CLANG_CXX_LANGUAGE_STANDARD = "gnu++20";
				CLANG_ENABLE_MODULES = YES;
				CLANG_ENABLE_OBJC_ARC = YES;
				CLANG_ENABLE_OBJC_WEAK = YES;
				CLANG_WARN_BLOCK_CAPTURE_AUTORELEASING = YES;
				CLANG_WARN_BOOL_CONVERSION = YES;
				CLANG_WARN_COMMA = YES;
				CLANG_WARN_CONSTANT_CONVERSION = YES;
				CLANG_WARN_DEPRECATED_OBJC_IMPLEMENTATIONS = YES;
				CLANG_WARN_DIRECT_OBJC_ISA_USAGE = YES_ERROR;
				CLANG_WARN_DOCUMENTATION_COMMENTS = YES;
				CLANG_WARN_EMPTY_BODY = YES;
				CLANG_WARN_ENUM_CONVERSION = YES;
				CLANG_WARN_INFINITE_RECURSION = YES;
				CLANG_WARN_INT_CONVERSION = YES;
				CLANG_WARN_NON_LITERAL_NULL_CONVERSION = YES;
				CLANG_WARN_OBJC_IMPLICIT_RETAIN_SELF = YES;
				CLANG_WARN_OBJC_LITERAL_CONVERSION = YES;
				CLANG_WARN_OBJC_ROOT_CLASS = YES_ERROR;
				CLANG_WARN_QUOTED_INCLUDE_IN_FRAMEWORK_HEADER = YES;
				CLANG_WARN_RANGE_LOOP_ANALYSIS = YES;
				CLANG_WARN_STRICT_PROTOTYPES = YES;
				CLANG_WARN_SUSPICIOUS_MOVE = YES;
				CLANG_WARN_UNGUARDED_AVAILABILITY = YES_AGGRESSIVE;
				CLANG_WARN_UNREACHABLE_CODE = YES;
				CLANG_WARN__DUPLICATE_METHOD_MATCH = YES;
				COPY_PHASE_STRIP = NO;
				DEBUG_INFORMATION_FORMAT = dwarf;
				ENABLE_STRICT_OBJC_MSGSEND = YES;
				ENABLE_TESTABILITY = YES;
				GCC_C_LANGUAGE_STANDARD = gnu11;
				GCC_DYNAMIC_NO_PIC = NO;
				GCC_NO_COMMON_BLOCKS = YES;
				GCC_OPTIMIZATION_LEVEL = 0;
				GCC_PREPROCESSOR_DEFINITIONS = (
					"DEBUG=1",
					"$(inherited)",
				);
				GCC_WARN_64_TO_32_BIT_CONVERSION = YES;
				GCC_WARN_ABOUT_RETURN_TYPE = YES_ERROR;
				GCC_WARN_UNDECLARED_SELECTOR = YES;
				GCC_WARN_UNINITIALIZED_AUTOS = YES_AGGRESSIVE;
				GCC_WARN_UNUSED_FUNCTION = YES;
				GCC_WARN_UNUSED_VARIABLE = YES;
				IPHONEOS_DEPLOYMENT_TARGET = 15.0;
				MTL_ENABLE_DEBUG_INFO = INCLUDE_SOURCE;
				MTL_FAST_MATH = YES;
				ONLY_ACTIVE_ARCH = YES;
				SDKROOT = iphoneos;
				SWIFT_ACTIVE_COMPILATION_CONDITIONS = DEBUG;
				SWIFT_OPTIMIZATION_LEVEL = "-Onone";
			};
			name = Debug;
		};
		D89A069C2929FD5000F5D408 /* Release */ = {
			isa = XCBuildConfiguration;
			buildSettings = {
				ALWAYS_SEARCH_USER_PATHS = NO;
				CLANG_ANALYZER_NONNULL = YES;
				CLANG_ANALYZER_NUMBER_OBJECT_CONVERSION = YES_AGGRESSIVE;
				CLANG_CXX_LANGUAGE_STANDARD = "gnu++20";
				CLANG_ENABLE_MODULES = YES;
				CLANG_ENABLE_OBJC_ARC = YES;
				CLANG_ENABLE_OBJC_WEAK = YES;
				CLANG_WARN_BLOCK_CAPTURE_AUTORELEASING = YES;
				CLANG_WARN_BOOL_CONVERSION = YES;
				CLANG_WARN_COMMA = YES;
				CLANG_WARN_CONSTANT_CONVERSION = YES;
				CLANG_WARN_DEPRECATED_OBJC_IMPLEMENTATIONS = YES;
				CLANG_WARN_DIRECT_OBJC_ISA_USAGE = YES_ERROR;
				CLANG_WARN_DOCUMENTATION_COMMENTS = YES;
				CLANG_WARN_EMPTY_BODY = YES;
				CLANG_WARN_ENUM_CONVERSION = YES;
				CLANG_WARN_INFINITE_RECURSION = YES;
				CLANG_WARN_INT_CONVERSION = YES;
				CLANG_WARN_NON_LITERAL_NULL_CONVERSION = YES;
				CLANG_WARN_OBJC_IMPLICIT_RETAIN_SELF = YES;
				CLANG_WARN_OBJC_LITERAL_CONVERSION = YES;
				CLANG_WARN_OBJC_ROOT_CLASS = YES_ERROR;
				CLANG_WARN_QUOTED_INCLUDE_IN_FRAMEWORK_HEADER = YES;
				CLANG_WARN_RANGE_LOOP_ANALYSIS = YES;
				CLANG_WARN_STRICT_PROTOTYPES = YES;
				CLANG_WARN_SUSPICIOUS_MOVE = YES;
				CLANG_WARN_UNGUARDED_AVAILABILITY = YES_AGGRESSIVE;
				CLANG_WARN_UNREACHABLE_CODE = YES;
				CLANG_WARN__DUPLICATE_METHOD_MATCH = YES;
				COPY_PHASE_STRIP = NO;
				DEBUG_INFORMATION_FORMAT = "dwarf-with-dsym";
				ENABLE_NS_ASSERTIONS = NO;
				ENABLE_STRICT_OBJC_MSGSEND = YES;
				GCC_C_LANGUAGE_STANDARD = gnu11;
				GCC_NO_COMMON_BLOCKS = YES;
				GCC_WARN_64_TO_32_BIT_CONVERSION = YES;
				GCC_WARN_ABOUT_RETURN_TYPE = YES_ERROR;
				GCC_WARN_UNDECLARED_SELECTOR = YES;
				GCC_WARN_UNINITIALIZED_AUTOS = YES_AGGRESSIVE;
				GCC_WARN_UNUSED_FUNCTION = YES;
				GCC_WARN_UNUSED_VARIABLE = YES;
				IPHONEOS_DEPLOYMENT_TARGET = 15.0;
				MTL_ENABLE_DEBUG_INFO = NO;
				MTL_FAST_MATH = YES;
				SDKROOT = iphoneos;
				SWIFT_COMPILATION_MODE = wholemodule;
				SWIFT_OPTIMIZATION_LEVEL = "-O";
				VALIDATE_PRODUCT = YES;
			};
			name = Release;
		};
		D89A069E2929FD5000F5D408 /* Debug */ = {
			isa = XCBuildConfiguration;
			buildSettings = {
				ASSETCATALOG_COMPILER_APPICON_NAME = AppIcon;
				ASSETCATALOG_COMPILER_GLOBAL_ACCENT_COLOR_NAME = AccentColor;
				CODE_SIGN_IDENTITY = "Apple Development";
				"CODE_SIGN_IDENTITY[sdk=iphoneos*]" = "iPhone Developer";
				CODE_SIGN_STYLE = Manual;
				CURRENT_PROJECT_VERSION = 1;
				DEVELOPMENT_ASSET_PATHS = "\"RaniPaper/Preview Content\"";
				DEVELOPMENT_TEAM = "";
				"DEVELOPMENT_TEAM[sdk=iphoneos*]" = 28NL63HBTJ;
				ENABLE_PREVIEWS = YES;
				GENERATE_INFOPLIST_FILE = YES;
				INFOPLIST_FILE = RaniPaper/Info.plist;
				INFOPLIST_KEY_UIApplicationSceneManifest_Generation = YES;
				INFOPLIST_KEY_UIApplicationSupportsIndirectInputEvents = YES;
				INFOPLIST_KEY_UILaunchScreen_Generation = YES;
				INFOPLIST_KEY_UISupportedInterfaceOrientations = UIInterfaceOrientationPortrait;
				INFOPLIST_KEY_UISupportedInterfaceOrientations_iPad = "UIInterfaceOrientationLandscapeLeft UIInterfaceOrientationLandscapeRight UIInterfaceOrientationPortrait UIInterfaceOrientationPortraitUpsideDown";
				LD_RUNPATH_SEARCH_PATHS = (
					"$(inherited)",
					"@executable_path/Frameworks",
				);
				MARKETING_VERSION = 1.0;
				PRODUCT_BUNDLE_IDENTIFIER = com.RaniPaper.RaniPaper;
				PRODUCT_NAME = "$(TARGET_NAME)";
				PROVISIONING_PROFILE_SPECIFIER = "";
				"PROVISIONING_PROFILE_SPECIFIER[sdk=iphoneos*]" = RaniPaper_development;
				SUPPORTED_PLATFORMS = "iphoneos iphonesimulator";
				SUPPORTS_MACCATALYST = NO;
				SUPPORTS_MAC_DESIGNED_FOR_IPHONE_IPAD = NO;
				SWIFT_EMIT_LOC_STRINGS = YES;
				SWIFT_VERSION = 5.0;
				TARGETED_DEVICE_FAMILY = 1;
			};
			name = Debug;
		};
		D89A069F2929FD5000F5D408 /* Release */ = {
			isa = XCBuildConfiguration;
			buildSettings = {
				ASSETCATALOG_COMPILER_APPICON_NAME = AppIcon;
				ASSETCATALOG_COMPILER_GLOBAL_ACCENT_COLOR_NAME = AccentColor;
				CODE_SIGN_IDENTITY = "Apple Development";
				"CODE_SIGN_IDENTITY[sdk=iphoneos*]" = "iPhone Developer";
				CODE_SIGN_STYLE = Manual;
				CURRENT_PROJECT_VERSION = 1;
				DEVELOPMENT_ASSET_PATHS = "\"RaniPaper/Preview Content\"";
				DEVELOPMENT_TEAM = "";
				"DEVELOPMENT_TEAM[sdk=iphoneos*]" = 28NL63HBTJ;
				ENABLE_PREVIEWS = YES;
				GENERATE_INFOPLIST_FILE = YES;
				INFOPLIST_FILE = RaniPaper/Info.plist;
				INFOPLIST_KEY_UIApplicationSceneManifest_Generation = YES;
				INFOPLIST_KEY_UIApplicationSupportsIndirectInputEvents = YES;
				INFOPLIST_KEY_UILaunchScreen_Generation = YES;
				INFOPLIST_KEY_UISupportedInterfaceOrientations = UIInterfaceOrientationPortrait;
				INFOPLIST_KEY_UISupportedInterfaceOrientations_iPad = "UIInterfaceOrientationLandscapeLeft UIInterfaceOrientationLandscapeRight UIInterfaceOrientationPortrait UIInterfaceOrientationPortraitUpsideDown";
				LD_RUNPATH_SEARCH_PATHS = (
					"$(inherited)",
					"@executable_path/Frameworks",
				);
				MARKETING_VERSION = 1.0;
				PRODUCT_BUNDLE_IDENTIFIER = com.RaniPaper.RaniPaper;
				PRODUCT_NAME = "$(TARGET_NAME)";
				PROVISIONING_PROFILE_SPECIFIER = "";
				"PROVISIONING_PROFILE_SPECIFIER[sdk=iphoneos*]" = RaniPaper_development;
				SUPPORTED_PLATFORMS = "iphoneos iphonesimulator";
				SUPPORTS_MACCATALYST = NO;
				SUPPORTS_MAC_DESIGNED_FOR_IPHONE_IPAD = NO;
				SWIFT_EMIT_LOC_STRINGS = YES;
				SWIFT_VERSION = 5.0;
				TARGETED_DEVICE_FAMILY = 1;
			};
			name = Release;
		};
/* End XCBuildConfiguration section */

/* Begin XCConfigurationList section */
		D89A068A2929FD5000F5D408 /* Build configuration list for PBXProject "RaniPaper" */ = {
			isa = XCConfigurationList;
			buildConfigurations = (
				D89A069B2929FD5000F5D408 /* Debug */,
				D89A069C2929FD5000F5D408 /* Release */,
			);
			defaultConfigurationIsVisible = 0;
			defaultConfigurationName = Release;
		};
		D89A069D2929FD5000F5D408 /* Build configuration list for PBXNativeTarget "RaniPaper" */ = {
			isa = XCConfigurationList;
			buildConfigurations = (
				D89A069E2929FD5000F5D408 /* Debug */,
				D89A069F2929FD5000F5D408 /* Release */,
			);
			defaultConfigurationIsVisible = 0;
			defaultConfigurationName = Release;
		};
/* End XCConfigurationList section */

/* Begin XCRemoteSwiftPackageReference section */
		7B796F6E2935F31800799616 /* XCRemoteSwiftPackageReference "lottie-ios" */ = {
			isa = XCRemoteSwiftPackageReference;
			repositoryURL = "https://github.com/airbnb/lottie-ios";
			requirement = {
				kind = exactVersion;
				version = 3.5.0;
			};
		};
		D86ACE47292F793C002C8E89 /* XCRemoteSwiftPackageReference "PopupView" */ = {
			isa = XCRemoteSwiftPackageReference;
			repositoryURL = "https://github.com/exyte/PopupView.git";
			requirement = {
				kind = upToNextMinorVersion;
				minimumVersion = 1.2.0;
			};
		};
/* End XCRemoteSwiftPackageReference section */

/* Begin XCSwiftPackageProductDependency section */
		7B796F6F2935F31800799616 /* Lottie */ = {
			isa = XCSwiftPackageProductDependency;
			package = 7B796F6E2935F31800799616 /* XCRemoteSwiftPackageReference "lottie-ios" */;
			productName = Lottie;
		};
		D86ACE48292F793C002C8E89 /* PopupView */ = {
			isa = XCSwiftPackageProductDependency;
			package = D86ACE47292F793C002C8E89 /* XCRemoteSwiftPackageReference "PopupView" */;
			productName = PopupView;
		};
/* End XCSwiftPackageProductDependency section */
	};
	rootObject = D89A06872929FD5000F5D408 /* Project object */;
}
